
Microsoft Visual Studio Solution File, Format Version 12.00
# Visual Studio Version 17
VisualStudioVersion = 17.14.36518.9 d17.14
MinimumVisualStudioVersion = 10.0.40219.1
Project("{FAE04EC0-301F-11D3-BF4B-00C04F79EFBC}") = "Na pazar", "Na pazar\Na pazar.csproj", "{71061CF9-40AB-4A44-A145-4C3C7131132B}"
EndProject
Global
	GlobalSection(SolutionConfigurationPlatforms) = preSolution
		Debug|Any CPU = Debug|Any CPU
		Release|Any CPU = Release|Any CPU
	EndGlobalSection
	GlobalSection(ProjectConfigurationPlatforms) = postSolution
		{71061CF9-40AB-4A44-A145-4C3C7131132B}.Debug|Any CPU.ActiveCfg = Debug|Any CPU
		{71061CF9-40AB-4A44-A145-4C3C7131132B}.Debug|Any CPU.Build.0 = Debug|Any CPU
		{71061CF9-40AB-4A44-A145-4C3C7131132B}.Release|Any CPU.ActiveCfg = Release|Any CPU
		{71061CF9-40AB-4A44-A145-4C3C7131132B}.Release|Any CPU.Build.0 = Release|Any CPU
	EndGlobalSection
	GlobalSection(SolutionProperties) = preSolution
		HideSolutionNode = FALSE
	EndGlobalSection
	GlobalSection(ExtensibilityGlobals) = postSolution
		SolutionGuid = {28EB54F7-5335-4F2F-8BB2-FF118E1E16F3}
	EndGlobalSection
EndGlobal
